
Microsoft Visual Studio Solution File, Format Version 12.00
# Visual Studio 15
Project("{FAE04EC0-301F-11D3-BF4B-00C04F79EFBC}") = "profitier-game_2", "Assembly-CSharp.csproj", "{FFBF2E88-8733-57FF-64E5-124396FBC940}"
EndProject
Project("{FAE04EC0-301F-11D3-BF4B-00C04F79EFBC}") = "profitier-game_2", "Assembly-CSharp-Editor.csproj", "{B5C4D182-36E6-C41E-B1AB-C1239DBD1948}"
EndProject
Global
	GlobalSection(SolutionConfigurationPlatforms) = preSolution
		Debug|Any CPU = Debug|Any CPU
		Release|Any CPU = Release|Any CPU
	EndGlobalSection
	GlobalSection(ProjectConfigurationPlatforms) = postSolution
		{FFBF2E88-8733-57FF-64E5-124396FBC940}.Debug|Any CPU.ActiveCfg = Debug|Any CPU
		{FFBF2E88-8733-57FF-64E5-124396FBC940}.Debug|Any CPU.Build.0 = Debug|Any CPU
		{FFBF2E88-8733-57FF-64E5-124396FBC940}.Release|Any CPU.ActiveCfg = Release|Any CPU
		{FFBF2E88-8733-57FF-64E5-124396FBC940}.Release|Any CPU.Build.0 = Release|Any CPU
		{B5C4D182-36E6-C41E-B1AB-C1239DBD1948}.Debug|Any CPU.ActiveCfg = Debug|Any CPU
		{B5C4D182-36E6-C41E-B1AB-C1239DBD1948}.Debug|Any CPU.Build.0 = Debug|Any CPU
		{B5C4D182-36E6-C41E-B1AB-C1239DBD1948}.Release|Any CPU.ActiveCfg = Release|Any CPU
		{B5C4D182-36E6-C41E-B1AB-C1239DBD1948}.Release|Any CPU.Build.0 = Release|Any CPU
	EndGlobalSection
	GlobalSection(SolutionProperties) = preSolution
		HideSolutionNode = FALSE
	EndGlobalSection
EndGlobal
