
Microsoft Visual Studio Solution File, Format Version 12.00
# Visual Studio 15
Project("{FAE04EC0-301F-11D3-BF4B-00C04F79EFBC}") = "Profiter", "Assembly-CSharp.csproj", "{0AC2CA48-930A-7972-2601-434F708AA05F}"
EndProject
Project("{FAE04EC0-301F-11D3-BF4B-00C04F79EFBC}") = "Profiter", "Assembly-CSharp-Editor.csproj", "{E4E15DEE-412F-118E-DCB0-BBBB2B3637DB}"
EndProject
Global
	GlobalSection(SolutionConfigurationPlatforms) = preSolution
		Debug|Any CPU = Debug|Any CPU
		Release|Any CPU = Release|Any CPU
	EndGlobalSection
	GlobalSection(ProjectConfigurationPlatforms) = postSolution
		{0AC2CA48-930A-7972-2601-434F708AA05F}.Debug|Any CPU.ActiveCfg = Debug|Any CPU
		{0AC2CA48-930A-7972-2601-434F708AA05F}.Debug|Any CPU.Build.0 = Debug|Any CPU
		{0AC2CA48-930A-7972-2601-434F708AA05F}.Release|Any CPU.ActiveCfg = Release|Any CPU
		{0AC2CA48-930A-7972-2601-434F708AA05F}.Release|Any CPU.Build.0 = Release|Any CPU
		{E4E15DEE-412F-118E-DCB0-BBBB2B3637DB}.Debug|Any CPU.ActiveCfg = Debug|Any CPU
		{E4E15DEE-412F-118E-DCB0-BBBB2B3637DB}.Debug|Any CPU.Build.0 = Debug|Any CPU
		{E4E15DEE-412F-118E-DCB0-BBBB2B3637DB}.Release|Any CPU.ActiveCfg = Release|Any CPU
		{E4E15DEE-412F-118E-DCB0-BBBB2B3637DB}.Release|Any CPU.Build.0 = Release|Any CPU
	EndGlobalSection
	GlobalSection(SolutionProperties) = preSolution
		HideSolutionNode = FALSE
	EndGlobalSection
EndGlobal
